
Microsoft Visual Studio Solution File, Format Version 12.00
# Visual Studio Version 17
VisualStudioVersion = 17.3.32825.248
MinimumVisualStudioVersion = 10.0.40219.1
Project("{2150E333-8FDC-42A3-9474-1A3956D46DE8}") = "WebSocket", "WebSocket", "{7311327C-472B-413D-9ACF-5DEA84333700}"
EndProject
Project("{2150E333-8FDC-42A3-9474-1A3956D46DE8}") = "WebSocketServer", "WebSocketServer", "{8C1F2B1E-14C1-4919-B7FA-739D77E44AE1}"
	ProjectSection(SolutionItems) = preProject
		..\WebSocket\WebSocketServer\index.js = ..\WebSocket\WebSocketServer\index.js
		..\WebSocket\WebSocketServer\package.json = ..\WebSocket\WebSocketServer\package.json
	EndProjectSection
EndProject
Project("{FAE04EC0-301F-11D3-BF4B-00C04F79EFBC}") = "WebSocketClient", "WebSocket\WebSocketClient\WebSocketClient.csproj", "{4E14BF26-07FE-A721-2F3E-C464F1B8B5A7}"
EndProject
Project("{FAE04EC0-301F-11D3-BF4B-00C04F79EFBC}") = "Curupira2D.Samples.Console", "Curupira2D.Samples.Console\Curupira2D.Samples.Console.csproj", "{F5C1D2AB-D4A5-67BC-3875-FAE1FDBBC391}"
EndProject
Project("{FAE04EC0-301F-11D3-BF4B-00C04F79EFBC}") = "Curupira2D.Samples.DesktopGL", "Curupira2D.Samples.DesktopGL\Curupira2D.Samples.DesktopGL.csproj", "{4BAA26B2-0C85-0342-0FC6-C1DF02DA51AE}"
EndProject
Project("{FAE04EC0-301F-11D3-BF4B-00C04F79EFBC}") = "Curupira2D.Samples.Android", "Curupira2D.Samples.Android\Curupira2D.Samples.Android.csproj", "{CDF799D9-E4A6-433A-165F-1D5FA79FA50C}"
EndProject
Project("{2150E333-8FDC-42A3-9474-1A3956D46DE8}") = "Curupira2D", "Curupira2D", "{02EA681E-C7D8-13C7-8484-4AC65E1B71E8}"
EndProject
Project("{FAE04EC0-301F-11D3-BF4B-00C04F79EFBC}") = "Curupira2D.AI", "Curupira2D\src\Curupira2D.AI\Curupira2D.AI.csproj", "{C06406CF-4864-B9E5-A41F-3FEF188931C3}"
EndProject
Project("{FAE04EC0-301F-11D3-BF4B-00C04F79EFBC}") = "Curupira2D.GameComponents", "Curupira2D\src\Curupira2D.GameComponents\Curupira2D.GameComponents.csproj", "{124C811C-8AF5-0861-7139-851CD8C0719A}"
EndProject
Project("{FAE04EC0-301F-11D3-BF4B-00C04F79EFBC}") = "Curupira2D", "Curupira2D\src\Curupira2D\Curupira2D.csproj", "{BEF76E1A-65DC-ADBD-0864-F7387312CBD3}"
EndProject
Global
	GlobalSection(SolutionConfigurationPlatforms) = preSolution
		Debug|Any CPU = Debug|Any CPU
		Release|Any CPU = Release|Any CPU
	EndGlobalSection
	GlobalSection(ProjectConfigurationPlatforms) = postSolution
		{4E14BF26-07FE-A721-2F3E-C464F1B8B5A7}.Debug|Any CPU.ActiveCfg = Debug|Any CPU
		{4E14BF26-07FE-A721-2F3E-C464F1B8B5A7}.Debug|Any CPU.Build.0 = Debug|Any CPU
		{4E14BF26-07FE-A721-2F3E-C464F1B8B5A7}.Release|Any CPU.ActiveCfg = Release|Any CPU
		{4E14BF26-07FE-A721-2F3E-C464F1B8B5A7}.Release|Any CPU.Build.0 = Release|Any CPU
		{F5C1D2AB-D4A5-67BC-3875-FAE1FDBBC391}.Debug|Any CPU.ActiveCfg = Debug|Any CPU
		{F5C1D2AB-D4A5-67BC-3875-FAE1FDBBC391}.Debug|Any CPU.Build.0 = Debug|Any CPU
		{F5C1D2AB-D4A5-67BC-3875-FAE1FDBBC391}.Release|Any CPU.ActiveCfg = Release|Any CPU
		{F5C1D2AB-D4A5-67BC-3875-FAE1FDBBC391}.Release|Any CPU.Build.0 = Release|Any CPU
		{4BAA26B2-0C85-0342-0FC6-C1DF02DA51AE}.Debug|Any CPU.ActiveCfg = Debug|Any CPU
		{4BAA26B2-0C85-0342-0FC6-C1DF02DA51AE}.Debug|Any CPU.Build.0 = Debug|Any CPU
		{4BAA26B2-0C85-0342-0FC6-C1DF02DA51AE}.Release|Any CPU.ActiveCfg = Release|Any CPU
		{4BAA26B2-0C85-0342-0FC6-C1DF02DA51AE}.Release|Any CPU.Build.0 = Release|Any CPU
		{CDF799D9-E4A6-433A-165F-1D5FA79FA50C}.Debug|Any CPU.ActiveCfg = Debug|Any CPU
		{CDF799D9-E4A6-433A-165F-1D5FA79FA50C}.Debug|Any CPU.Build.0 = Debug|Any CPU
		{CDF799D9-E4A6-433A-165F-1D5FA79FA50C}.Debug|Any CPU.Deploy.0 = Debug|Any CPU
		{CDF799D9-E4A6-433A-165F-1D5FA79FA50C}.Release|Any CPU.ActiveCfg = Release|Any CPU
		{CDF799D9-E4A6-433A-165F-1D5FA79FA50C}.Release|Any CPU.Build.0 = Release|Any CPU
		{CDF799D9-E4A6-433A-165F-1D5FA79FA50C}.Release|Any CPU.Deploy.0 = Release|Any CPU
		{C06406CF-4864-B9E5-A41F-3FEF188931C3}.Debug|Any CPU.ActiveCfg = Debug|Any CPU
		{C06406CF-4864-B9E5-A41F-3FEF188931C3}.Debug|Any CPU.Build.0 = Debug|Any CPU
		{C06406CF-4864-B9E5-A41F-3FEF188931C3}.Release|Any CPU.ActiveCfg = Release|Any CPU
		{C06406CF-4864-B9E5-A41F-3FEF188931C3}.Release|Any CPU.Build.0 = Release|Any CPU
		{124C811C-8AF5-0861-7139-851CD8C0719A}.Debug|Any CPU.ActiveCfg = Debug|Any CPU
		{124C811C-8AF5-0861-7139-851CD8C0719A}.Debug|Any CPU.Build.0 = Debug|Any CPU
		{124C811C-8AF5-0861-7139-851CD8C0719A}.Release|Any CPU.ActiveCfg = Release|Any CPU
		{124C811C-8AF5-0861-7139-851CD8C0719A}.Release|Any CPU.Build.0 = Release|Any CPU
		{BEF76E1A-65DC-ADBD-0864-F7387312CBD3}.Debug|Any CPU.ActiveCfg = Debug|Any CPU
		{BEF76E1A-65DC-ADBD-0864-F7387312CBD3}.Debug|Any CPU.Build.0 = Debug|Any CPU
		{BEF76E1A-65DC-ADBD-0864-F7387312CBD3}.Release|Any CPU.ActiveCfg = Release|Any CPU
		{BEF76E1A-65DC-ADBD-0864-F7387312CBD3}.Release|Any CPU.Build.0 = Release|Any CPU
	EndGlobalSection
	GlobalSection(SolutionProperties) = preSolution
		HideSolutionNode = FALSE
	EndGlobalSection
	GlobalSection(NestedProjects) = preSolution
		{8C1F2B1E-14C1-4919-B7FA-739D77E44AE1} = {7311327C-472B-413D-9ACF-5DEA84333700}
		{4E14BF26-07FE-A721-2F3E-C464F1B8B5A7} = {7311327C-472B-413D-9ACF-5DEA84333700}
		{C06406CF-4864-B9E5-A41F-3FEF188931C3} = {02EA681E-C7D8-13C7-8484-4AC65E1B71E8}
		{124C811C-8AF5-0861-7139-851CD8C0719A} = {02EA681E-C7D8-13C7-8484-4AC65E1B71E8}
		{BEF76E1A-65DC-ADBD-0864-F7387312CBD3} = {02EA681E-C7D8-13C7-8484-4AC65E1B71E8}
	EndGlobalSection
	GlobalSection(ExtensibilityGlobals) = postSolution
		SolutionGuid = {F7FBE376-4118-4915-9F60-A6E7253981BD}
	EndGlobalSection
EndGlobal
